
Microsoft Visual Studio Solution File, Format Version 12.00
# Visual Studio Version 16
VisualStudioVersion = 16.0.29519.87
MinimumVisualStudioVersion = 10.0.40219.1
Project("{FAE04EC0-301F-11D3-BF4B-00C04F79EFBC}") = "Webao", "Webao\Webao.csproj", "{98E66F08-5B55-4757-9F8D-EC1C7A38FF12}"
EndProject
Project("{FAE04EC0-301F-11D3-BF4B-00C04F79EFBC}") = "WebaoTest", "WebaoTest\WebaoTest.csproj", "{8136FBA5-9E2A-4F62-AB7C-0C36DF32525D}"
EndProject
Project("{FAE04EC0-301F-11D3-BF4B-00C04F79EFBC}") = "DynWebao", "DynWebao\DynWebao.csproj", "{156DB1D5-3FCF-4340-952E-C6EAFF7A8C79}"
EndProject
Project("{FAE04EC0-301F-11D3-BF4B-00C04F79EFBC}") = "DynWebaoTest", "DynWebaoTest\DynWebaoTest.csproj", "{2BCBFD78-F2B1-4DE9-B651-AD945092C219}"
EndProject
Project("{FAE04EC0-301F-11D3-BF4B-00C04F79EFBC}") = "WebaoBench", "WebaoBench\WebaoBench.csproj", "{2B595DD7-A7FC-4202-8756-C403C2C94392}"
EndProject
Project("{FAE04EC0-301F-11D3-BF4B-00C04F79EFBC}") = "GenDynWebao", "GenDynWebao\GenDynWebao.csproj", "{D159F59A-00FB-456C-924E-D114EAC725C4}"
EndProject
Project("{2150E333-8FDC-42A3-9474-1A3956D46DE8}") = "Trabalho1", "Trabalho1", "{C38424D1-E89A-4464-BCEA-1204B408020C}"
EndProject
Project("{2150E333-8FDC-42A3-9474-1A3956D46DE8}") = "Trabalho2", "Trabalho2", "{94739988-9C4A-44CF-B3E3-102B3A0EB864}"
EndProject
Project("{2150E333-8FDC-42A3-9474-1A3956D46DE8}") = "Trabalho3", "Trabalho3", "{40D7DF86-9910-42FF-A952-4E3E7884426E}"
EndProject
Global
	GlobalSection(SolutionConfigurationPlatforms) = preSolution
		Debug|Any CPU = Debug|Any CPU
		Release|Any CPU = Release|Any CPU
	EndGlobalSection
	GlobalSection(ProjectConfigurationPlatforms) = postSolution
		{98E66F08-5B55-4757-9F8D-EC1C7A38FF12}.Debug|Any CPU.ActiveCfg = Debug|Any CPU
		{98E66F08-5B55-4757-9F8D-EC1C7A38FF12}.Debug|Any CPU.Build.0 = Debug|Any CPU
		{98E66F08-5B55-4757-9F8D-EC1C7A38FF12}.Release|Any CPU.ActiveCfg = Release|Any CPU
		{98E66F08-5B55-4757-9F8D-EC1C7A38FF12}.Release|Any CPU.Build.0 = Release|Any CPU
		{8136FBA5-9E2A-4F62-AB7C-0C36DF32525D}.Debug|Any CPU.ActiveCfg = Debug|Any CPU
		{8136FBA5-9E2A-4F62-AB7C-0C36DF32525D}.Debug|Any CPU.Build.0 = Debug|Any CPU
		{8136FBA5-9E2A-4F62-AB7C-0C36DF32525D}.Release|Any CPU.ActiveCfg = Release|Any CPU
		{8136FBA5-9E2A-4F62-AB7C-0C36DF32525D}.Release|Any CPU.Build.0 = Release|Any CPU
		{156DB1D5-3FCF-4340-952E-C6EAFF7A8C79}.Debug|Any CPU.ActiveCfg = Debug|Any CPU
		{156DB1D5-3FCF-4340-952E-C6EAFF7A8C79}.Debug|Any CPU.Build.0 = Debug|Any CPU
		{156DB1D5-3FCF-4340-952E-C6EAFF7A8C79}.Release|Any CPU.ActiveCfg = Release|Any CPU
		{156DB1D5-3FCF-4340-952E-C6EAFF7A8C79}.Release|Any CPU.Build.0 = Release|Any CPU
		{2BCBFD78-F2B1-4DE9-B651-AD945092C219}.Debug|Any CPU.ActiveCfg = Debug|Any CPU
		{2BCBFD78-F2B1-4DE9-B651-AD945092C219}.Debug|Any CPU.Build.0 = Debug|Any CPU
		{2BCBFD78-F2B1-4DE9-B651-AD945092C219}.Release|Any CPU.ActiveCfg = Release|Any CPU
		{2BCBFD78-F2B1-4DE9-B651-AD945092C219}.Release|Any CPU.Build.0 = Release|Any CPU
		{2B595DD7-A7FC-4202-8756-C403C2C94392}.Debug|Any CPU.ActiveCfg = Debug|Any CPU
		{2B595DD7-A7FC-4202-8756-C403C2C94392}.Debug|Any CPU.Build.0 = Debug|Any CPU
		{2B595DD7-A7FC-4202-8756-C403C2C94392}.Release|Any CPU.ActiveCfg = Release|Any CPU
		{2B595DD7-A7FC-4202-8756-C403C2C94392}.Release|Any CPU.Build.0 = Release|Any CPU
		{D159F59A-00FB-456C-924E-D114EAC725C4}.Debug|Any CPU.ActiveCfg = Debug|Any CPU
		{D159F59A-00FB-456C-924E-D114EAC725C4}.Debug|Any CPU.Build.0 = Debug|Any CPU
		{D159F59A-00FB-456C-924E-D114EAC725C4}.Release|Any CPU.ActiveCfg = Release|Any CPU
		{D159F59A-00FB-456C-924E-D114EAC725C4}.Release|Any CPU.Build.0 = Release|Any CPU
	EndGlobalSection
	GlobalSection(SolutionProperties) = preSolution
		HideSolutionNode = FALSE
	EndGlobalSection
	GlobalSection(ExtensibilityGlobals) = postSolution
		SolutionGuid = {1F118F28-468A-47EA-ABB7-3EEBBE787684}
	EndGlobalSection
	GlobalSection(NestedProjects) = preSolution
		{98E66F08-5B55-4757-9F8D-EC1C7A38FF12} = {C38424D1-E89A-4464-BCEA-1204B408020C}
		{8136FBA5-9E2A-4F62-AB7C-0C36DF32525D} = {C38424D1-E89A-4464-BCEA-1204B408020C}
		{156DB1D5-3FCF-4340-952E-C6EAFF7A8C79} = {94739988-9C4A-44CF-B3E3-102B3A0EB864}
		{2BCBFD78-F2B1-4DE9-B651-AD945092C219} = {94739988-9C4A-44CF-B3E3-102B3A0EB864}
		{2B595DD7-A7FC-4202-8756-C403C2C94392} = {94739988-9C4A-44CF-B3E3-102B3A0EB864}
		{D159F59A-00FB-456C-924E-D114EAC725C4} = {40D7DF86-9910-42FF-A952-4E3E7884426E}
	EndGlobalSection
EndGlobal
